
Microsoft Visual Studio Solution File, Format Version 12.00
# Visual Studio Version 17
VisualStudioVersion = 17.3.32825.248
MinimumVisualStudioVersion = 10.0.40219.1
Project("{FAE04EC0-301F-11D3-BF4B-00C04F79EFBC}") = "TabLenguajesProgra", "TabLenguajesProgra.csproj", "{79AD9750-BBA7-44EB-A633-E41BAE724543}"
EndProject
Global
	GlobalSection(SolutionConfigurationPlatforms) = preSolution
		Debug|Any CPU = Debug|Any CPU
		Release|Any CPU = Release|Any CPU
	EndGlobalSection
	GlobalSection(ProjectConfigurationPlatforms) = postSolution
		{79AD9750-BBA7-44EB-A633-E41BAE724543}.Debug|Any CPU.ActiveCfg = Debug|Any CPU
		{79AD9750-BBA7-44EB-A633-E41BAE724543}.Debug|Any CPU.Build.0 = Debug|Any CPU
		{79AD9750-BBA7-44EB-A633-E41BAE724543}.Release|Any CPU.ActiveCfg = Release|Any CPU
		{79AD9750-BBA7-44EB-A633-E41BAE724543}.Release|Any CPU.Build.0 = Release|Any CPU
	EndGlobalSection
	GlobalSection(SolutionProperties) = preSolution
		HideSolutionNode = FALSE
	EndGlobalSection
	GlobalSection(ExtensibilityGlobals) = postSolution
		SolutionGuid = {ED6F4A72-2D2A-40C2-A6D4-144118F35FDC}
	EndGlobalSection
EndGlobal
